
Microsoft Visual Studio Solution File, Format Version 12.00
# Visual Studio Version 16
VisualStudioVersion = 16.0.34301.259
MinimumVisualStudioVersion = 10.0.40219.1
Project("{FAE04EC0-301F-11D3-BF4B-00C04F79EFBC}") = "GetUsedToInterface", "GetUsedToInterface\GetUsedToInterface.csproj", "{F6286AC1-8BFB-4427-9E84-EC26ACEA2E47}"
EndProject
Global
	GlobalSection(SolutionConfigurationPlatforms) = preSolution
		Debug|Any CPU = Debug|Any CPU
		Release|Any CPU = Release|Any CPU
	EndGlobalSection
	GlobalSection(ProjectConfigurationPlatforms) = postSolution
		{F6286AC1-8BFB-4427-9E84-EC26ACEA2E47}.Debug|Any CPU.ActiveCfg = Debug|Any CPU
		{F6286AC1-8BFB-4427-9E84-EC26ACEA2E47}.Debug|Any CPU.Build.0 = Debug|Any CPU
		{F6286AC1-8BFB-4427-9E84-EC26ACEA2E47}.Release|Any CPU.ActiveCfg = Release|Any CPU
		{F6286AC1-8BFB-4427-9E84-EC26ACEA2E47}.Release|Any CPU.Build.0 = Release|Any CPU
	EndGlobalSection
	GlobalSection(SolutionProperties) = preSolution
		HideSolutionNode = FALSE
	EndGlobalSection
	GlobalSection(ExtensibilityGlobals) = postSolution
		SolutionGuid = {E7011633-17E5-4B00-9C32-D4324E9905EC}
	EndGlobalSection
EndGlobal
